
Microsoft Visual Studio Solution File, Format Version 12.00
# Visual Studio Version 17
VisualStudioVersion = 17.3.32811.315
MinimumVisualStudioVersion = 10.0.40219.1
Project("{FAE04EC0-301F-11D3-BF4B-00C04F79EFBC}") = "SantanderDeveloperCodingTest", "SantanderDeveloperCodingTest\SantanderDeveloperCodingTest.csproj", "{FEDAEC46-FF4E-4327-85DE-142EC81CBB12}"
EndProject
Global
	GlobalSection(SolutionConfigurationPlatforms) = preSolution
		Debug|Any CPU = Debug|Any CPU
		Release|Any CPU = Release|Any CPU
	EndGlobalSection
	GlobalSection(ProjectConfigurationPlatforms) = postSolution
		{FEDAEC46-FF4E-4327-85DE-142EC81CBB12}.Debug|Any CPU.ActiveCfg = Debug|Any CPU
		{FEDAEC46-FF4E-4327-85DE-142EC81CBB12}.Debug|Any CPU.Build.0 = Debug|Any CPU
		{FEDAEC46-FF4E-4327-85DE-142EC81CBB12}.Release|Any CPU.ActiveCfg = Release|Any CPU
		{FEDAEC46-FF4E-4327-85DE-142EC81CBB12}.Release|Any CPU.Build.0 = Release|Any CPU
	EndGlobalSection
	GlobalSection(SolutionProperties) = preSolution
		HideSolutionNode = FALSE
	EndGlobalSection
	GlobalSection(ExtensibilityGlobals) = postSolution
		SolutionGuid = {33E18DF9-7256-4A1B-BBC3-7FFD74745A0A}
	EndGlobalSection
EndGlobal
